
Microsoft Visual Studio Solution File, Format Version 12.00
# Visual Studio 15
VisualStudioVersion = 15.0.27130.2036
MinimumVisualStudioVersion = 10.0.40219.1
Project("{FAE04EC0-301F-11D3-BF4B-00C04F79EFBC}") = "FTPSync", "FTPSync\FTPSync.csproj", "{4995FE66-18EC-482D-96C7-A8584CD5A8EA}"
EndProject
Global
	GlobalSection(SolutionConfigurationPlatforms) = preSolution
		Debug|Any CPU = Debug|Any CPU
		Release|Any CPU = Release|Any CPU
	EndGlobalSection
	GlobalSection(ProjectConfigurationPlatforms) = postSolution
		{4995FE66-18EC-482D-96C7-A8584CD5A8EA}.Debug|Any CPU.ActiveCfg = Debug|Any CPU
		{4995FE66-18EC-482D-96C7-A8584CD5A8EA}.Debug|Any CPU.Build.0 = Debug|Any CPU
		{4995FE66-18EC-482D-96C7-A8584CD5A8EA}.Release|Any CPU.ActiveCfg = Release|Any CPU
		{4995FE66-18EC-482D-96C7-A8584CD5A8EA}.Release|Any CPU.Build.0 = Release|Any CPU
	EndGlobalSection
	GlobalSection(SolutionProperties) = preSolution
		HideSolutionNode = FALSE
	EndGlobalSection
	GlobalSection(ExtensibilityGlobals) = postSolution
		SolutionGuid = {042CE3EE-6669-4D13-B484-8F1B4DD8E80D}
	EndGlobalSection
EndGlobal
